{
  "version": 4,
  "terraform_version": "1.8.3",
  "serial": 81,
  "lineage": "302d9ea3-1b53-82c6-2c9e-0f012d8329eb",
  "outputs": {},
  "resources": [
    {
      "mode": "managed",
      "type": "aws_cognito_user_pool",
      "name": "userpool",
      "provider": "provider[\"registry.terraform.io/hashicorp/aws\"]",
      "instances": [
        {
          "schema_version": 0,
          "attributes": {
            "account_recovery_setting": [
              {
                "recovery_mechanism": [
                  {
                    "name": "verified_email",
                    "priority": 1
                  }
                ]
              }
            ],
            "admin_create_user_config": [
              {
                "allow_admin_create_user_only": false,
                "invite_message_template": []
              }
            ],
            "alias_attributes": null,
            "arn": "arn:aws:cognito-idp:us-east-1:949263681218:userpool/us-east-1_s1nT6reiY",
            "auto_verified_attributes": [
              "email"
            ],
            "creation_date": "2024-05-20T08:50:24Z",
            "custom_domain": "",
            "deletion_protection": "INACTIVE",
            "device_configuration": [],
            "domain": "",
            "email_configuration": [
              {
                "configuration_set": "",
                "email_sending_account": "COGNITO_DEFAULT",
                "from_email_address": "",
                "reply_to_email_address": "",
                "source_arn": ""
              }
            ],
            "email_verification_message": "",
            "email_verification_subject": "",
            "endpoint": "cognito-idp.us-east-1.amazonaws.com/us-east-1_s1nT6reiY",
            "estimated_number_of_users": 0,
            "id": "us-east-1_s1nT6reiY",
            "lambda_config": [],
            "last_modified_date": "2024-05-20T08:50:24Z",
            "mfa_configuration": "OFF",
            "name": "mypool_pri",
            "password_policy": [
              {
                "minimum_length": 10,
                "require_lowercase": true,
                "require_numbers": true,
                "require_symbols": true,
                "require_uppercase": true,
                "temporary_password_validity_days": 7
              }
            ],
            "schema": [
              {
                "attribute_data_type": "String",
                "developer_only_attribute": false,
                "mutable": true,
                "name": "Email",
                "number_attribute_constraints": [],
                "required": null,
                "string_attribute_constraints": []
              }
            ],
            "sms_authentication_message": "",
            "sms_configuration": [],
            "sms_verification_message": "",
            "software_token_mfa_configuration": [],
            "tags": {
              "Creator": "priyankatuladhar@lftechnology.com",
              "Name": "Assessment Section 2 Priyanka",
              "Project": "Post Internship Training",
              "Task": "Terraform"
            },
            "tags_all": {
              "Creator": "priyankatuladhar@lftechnology.com",
              "Name": "Assessment Section 2 Priyanka",
              "Project": "Post Internship Training",
              "Task": "Terraform"
            },
            "user_attribute_update_settings": [],
            "user_pool_add_ons": [],
            "username_attributes": [
              "email"
            ],
            "username_configuration": [
              {
                "case_sensitive": true
              }
            ],
            "verification_message_template": [
              {
                "default_email_option": "CONFIRM_WITH_CODE",
                "email_message": "",
                "email_message_by_link": "",
                "email_subject": "",
                "email_subject_by_link": "",
                "sms_message": ""
              }
            ]
          },
          "sensitive_attributes": [],
          "private": "bnVsbA=="
        }
      ]
    },
    {
      "mode": "managed",
      "type": "aws_cognito_user_pool_client",
      "name": "userpool_client",
      "provider": "provider[\"registry.terraform.io/hashicorp/aws\"]",
      "instances": [
        {
          "schema_version": 0,
          "attributes": {
            "access_token_validity": 1,
            "allowed_oauth_flows": [],
            "allowed_oauth_flows_user_pool_client": false,
            "allowed_oauth_scopes": [],
            "analytics_configuration": [],
            "auth_session_validity": 3,
            "callback_urls": [],
            "client_secret": "",
            "default_redirect_uri": "",
            "enable_propagate_additional_user_context_data": false,
            "enable_token_revocation": true,
            "explicit_auth_flows": [
              "ALLOW_REFRESH_TOKEN_AUTH",
              "ALLOW_USER_PASSWORD_AUTH",
              "ALLOW_USER_SRP_AUTH"
            ],
            "generate_secret": false,
            "id": "4ajjceppjf23jv70n3vj4mje73",
            "id_token_validity": 1,
            "logout_urls": [],
            "name": "my-client-cognito-priyanka",
            "prevent_user_existence_errors": "LEGACY",
            "read_attributes": [],
            "refresh_token_validity": 1,
            "supported_identity_providers": [
              "COGNITO"
            ],
            "token_validity_units": [
              {
                "access_token": "hours",
                "id_token": "hours",
                "refresh_token": "hours"
              }
            ],
            "user_pool_id": "us-east-1_s1nT6reiY",
            "write_attributes": []
          },
          "sensitive_attributes": [
            [
              {
                "type": "get_attr",
                "value": "client_secret"
              }
            ]
          ],
          "dependencies": [
            "aws_cognito_user_pool.userpool"
          ]
        }
      ]
    }
  ],
  "check_results": null
}
